// !$*UTF8*$!
{
	archiveVersion = 1;
	classes = {
	};
	objectVersion = 50;
	objects = {

/* Begin PBXBuildFile section */
		BB30BAAE21EB6D830003C4F4 /* AppDelegate.swift in Sources */ = {isa = PBXBuildFile; fileRef = BB30BAAD21EB6D830003C4F4 /* AppDelegate.swift */; };
		BB30BAB021EB6D830003C4F4 /* MemeEditorViewController.swift in Sources */ = {isa = PBXBuildFile; fileRef = BB30BAAF21EB6D830003C4F4 /* MemeEditorViewController.swift */; };
		BB30BAB321EB6D830003C4F4 /* Main.storyboard in Resources */ = {isa = PBXBuildFile; fileRef = BB30BAB121EB6D830003C4F4 /* Main.storyboard */; };
		BB30BAB621EB6D830003C4F4 /* MemeMe2_0_App.xcdatamodeld in Sources */ = {isa = PBXBuildFile; fileRef = BB30BAB421EB6D830003C4F4 /* MemeMe2_0_App.xcdatamodeld */; };
		BB30BAB821EB6D850003C4F4 /* Assets.xcassets in Resources */ = {isa = PBXBuildFile; fileRef = BB30BAB721EB6D850003C4F4 /* Assets.xcassets */; };
		BB30BABB21EB6D850003C4F4 /* LaunchScreen.storyboard in Resources */ = {isa = PBXBuildFile; fileRef = BB30BAB921EB6D850003C4F4 /* LaunchScreen.storyboard */; };
		BB30BAC821EB6F490003C4F4 /* Meme.swift in Sources */ = {isa = PBXBuildFile; fileRef = BB30BAC721EB6F490003C4F4 /* Meme.swift */; };
		BB30BACA21EB6F850003C4F4 /* TextFieldDelegate.swift in Sources */ = {isa = PBXBuildFile; fileRef = BB30BAC921EB6F850003C4F4 /* TextFieldDelegate.swift */; };
		F54645E321FF5802002A0FAD /* MemeTableViewCell.swift in Sources */ = {isa = PBXBuildFile; fileRef = F54645E221FF5802002A0FAD /* MemeTableViewCell.swift */; };
		F54645E521FF64E0002A0FAD /* MemePreviewer.swift in Sources */ = {isa = PBXBuildFile; fileRef = F54645E421FF64E0002A0FAD /* MemePreviewer.swift */; };
		F54645E72200531B002A0FAD /* MemeCollectionViewCell.swift in Sources */ = {isa = PBXBuildFile; fileRef = F54645E62200531B002A0FAD /* MemeCollectionViewCell.swift */; };
		F59943E721FF12320051212A /* MemeTableViewController.swift in Sources */ = {isa = PBXBuildFile; fileRef = F59943E621FF12320051212A /* MemeTableViewController.swift */; };
		F59943E921FF12460051212A /* MemeCollectionViewController.swift in Sources */ = {isa = PBXBuildFile; fileRef = F59943E821FF12460051212A /* MemeCollectionViewController.swift */; };
/* End PBXBuildFile section */

/* Begin PBXFileReference section */
		BB30BAAA21EB6D830003C4F4 /* MemeMe2.0-App.app */ = {isa = PBXFileReference; explicitFileType = wrapper.application; includeInIndex = 0; path = "MemeMe2.0-App.app"; sourceTree = BUILT_PRODUCTS_DIR; };
		BB30BAAD21EB6D830003C4F4 /* AppDelegate.swift */ = {isa = PBXFileReference; lastKnownFileType = sourcecode.swift; path = AppDelegate.swift; sourceTree = "<group>"; };
		BB30BAAF21EB6D830003C4F4 /* MemeEditorViewController.swift */ = {isa = PBXFileReference; lastKnownFileType = sourcecode.swift; path = MemeEditorViewController.swift; sourceTree = "<group>"; };
		BB30BAB221EB6D830003C4F4 /* Base */ = {isa = PBXFileReference; lastKnownFileType = file.storyboard; name = Base; path = Base.lproj/Main.storyboard; sourceTree = "<group>"; };
		BB30BAB521EB6D830003C4F4 /* MemeMe2_0_App.xcdatamodel */ = {isa = PBXFileReference; lastKnownFileType = wrapper.xcdatamodel; path = MemeMe2_0_App.xcdatamodel; sourceTree = "<group>"; };
		BB30BAB721EB6D850003C4F4 /* Assets.xcassets */ = {isa = PBXFileReference; lastKnownFileType = folder.assetcatalog; path = Assets.xcassets; sourceTree = "<group>"; };
		BB30BABA21EB6D850003C4F4 /* Base */ = {isa = PBXFileReference; lastKnownFileType = file.storyboard; name = Base; path = Base.lproj/LaunchScreen.storyboard; sourceTree = "<group>"; };
		BB30BABC21EB6D850003C4F4 /* Info.plist */ = {isa = PBXFileReference; lastKnownFileType = text.plist.xml; path = Info.plist; sourceTree = "<group>"; };
		BB30BAC721EB6F490003C4F4 /* Meme.swift */ = {isa = PBXFileReference; lastKnownFileType = sourcecode.swift; path = Meme.swift; sourceTree = "<group>"; };
		BB30BAC921EB6F850003C4F4 /* TextFieldDelegate.swift */ = {isa = PBXFileReference; lastKnownFileType = sourcecode.swift; path = TextFieldDelegate.swift; sourceTree = "<group>"; };
		F54645E221FF5802002A0FAD /* MemeTableViewCell.swift */ = {isa = PBXFileReference; lastKnownFileType = sourcecode.swift; path = MemeTableViewCell.swift; sourceTree = "<group>"; };
		F54645E421FF64E0002A0FAD /* MemePreviewer.swift */ = {isa = PBXFileReference; lastKnownFileType = sourcecode.swift; path = MemePreviewer.swift; sourceTree = "<group>"; };
		F54645E62200531B002A0FAD /* MemeCollectionViewCell.swift */ = {isa = PBXFileReference; lastKnownFileType = sourcecode.swift; path = MemeCollectionViewCell.swift; sourceTree = "<group>"; };
		F59943E621FF12320051212A /* MemeTableViewController.swift */ = {isa = PBXFileReference; lastKnownFileType = sourcecode.swift; path = MemeTableViewController.swift; sourceTree = "<group>"; };
		F59943E821FF12460051212A /* MemeCollectionViewController.swift */ = {isa = PBXFileReference; lastKnownFileType = sourcecode.swift; path = MemeCollectionViewController.swift; sourceTree = "<group>"; };
/* End PBXFileReference section */

/* Begin PBXFrameworksBuildPhase section */
		BB30BAA721EB6D830003C4F4 /* Frameworks */ = {
			isa = PBXFrameworksBuildPhase;
			buildActionMask = 2147483647;
			files = (
			);
			runOnlyForDeploymentPostprocessing = 0;
		};
/* End PBXFrameworksBuildPhase section */

/* Begin PBXGroup section */
		BB30BAA121EB6D830003C4F4 = {
			isa = PBXGroup;
			children = (
				BB30BAAC21EB6D830003C4F4 /* MemeMe2.0-App */,
				BB30BAAB21EB6D830003C4F4 /* Products */,
			);
			sourceTree = "<group>";
		};
		BB30BAAB21EB6D830003C4F4 /* Products */ = {
			isa = PBXGroup;
			children = (
				BB30BAAA21EB6D830003C4F4 /* MemeMe2.0-App.app */,
			);
			name = Products;
			sourceTree = "<group>";
		};
		BB30BAAC21EB6D830003C4F4 /* MemeMe2.0-App */ = {
			isa = PBXGroup;
			children = (
				BB30BAC421EB6EFF0003C4F4 /* Helper */,
				BB30BAC321EB6EF60003C4F4 /* Models */,
				BB30BAC221EB6EAA0003C4F4 /* Controllers */,
				F54645E121FF57C4002A0FAD /* Cells */,
				BB30BAAD21EB6D830003C4F4 /* AppDelegate.swift */,
				BB30BAB121EB6D830003C4F4 /* Main.storyboard */,
				BB30BAB721EB6D850003C4F4 /* Assets.xcassets */,
				BB30BAB921EB6D850003C4F4 /* LaunchScreen.storyboard */,
				BB30BABC21EB6D850003C4F4 /* Info.plist */,
				BB30BAB421EB6D830003C4F4 /* MemeMe2_0_App.xcdatamodeld */,
			);
			path = "MemeMe2.0-App";
			sourceTree = "<group>";
		};
		BB30BAC221EB6EAA0003C4F4 /* Controllers */ = {
			isa = PBXGroup;
			children = (
				BB30BAAF21EB6D830003C4F4 /* MemeEditorViewController.swift */,
				F59943E621FF12320051212A /* MemeTableViewController.swift */,
				F59943E821FF12460051212A /* MemeCollectionViewController.swift */,
				F54645E421FF64E0002A0FAD /* MemePreviewer.swift */,
			);
			path = Controllers;
			sourceTree = "<group>";
		};
		BB30BAC321EB6EF60003C4F4 /* Models */ = {
			isa = PBXGroup;
			children = (
				BB30BAC721EB6F490003C4F4 /* Meme.swift */,
			);
			path = Models;
			sourceTree = "<group>";
		};
		BB30BAC421EB6EFF0003C4F4 /* Helper */ = {
			isa = PBXGroup;
			children = (
				BB30BAC921EB6F850003C4F4 /* TextFieldDelegate.swift */,
			);
			path = Helper;
			sourceTree = "<group>";
		};
		F54645E121FF57C4002A0FAD /* Cells */ = {
			isa = PBXGroup;
			children = (
				F54645E221FF5802002A0FAD /* MemeTableViewCell.swift */,
				F54645E62200531B002A0FAD /* MemeCollectionViewCell.swift */,
			);
			path = Cells;
			sourceTree = "<group>";
		};
/* End PBXGroup section */

/* Begin PBXNativeTarget section */
		BB30BAA921EB6D830003C4F4 /* MemeMe2.0-App */ = {
			isa = PBXNativeTarget;
			buildConfigurationList = BB30BABF21EB6D850003C4F4 /* Build configuration list for PBXNativeTarget "MemeMe2.0-App" */;
			buildPhases = (
				BB30BAA621EB6D830003C4F4 /* Sources */,
				BB30BAA721EB6D830003C4F4 /* Frameworks */,
				BB30BAA821EB6D830003C4F4 /* Resources */,
			);
			buildRules = (
			);
			dependencies = (
			);
			name = "MemeMe2.0-App";
			productName = "MemeMe2.0-App";
			productReference = BB30BAAA21EB6D830003C4F4 /* MemeMe2.0-App.app */;
			productType = "com.apple.product-type.application";
		};
/* End PBXNativeTarget section */

/* Begin PBXProject section */
		BB30BAA221EB6D830003C4F4 /* Project object */ = {
			isa = PBXProject;
			attributes = {
				LastSwiftUpdateCheck = 1010;
				LastUpgradeCheck = 1010;
				ORGANIZATIONNAME = Yazeedo;
				TargetAttributes = {
					BB30BAA921EB6D830003C4F4 = {
						CreatedOnToolsVersion = 10.1;
					};
				};
			};
			buildConfigurationList = BB30BAA521EB6D830003C4F4 /* Build configuration list for PBXProject "MemeMe2.0-App" */;
			compatibilityVersion = "Xcode 9.3";
			developmentRegion = en;
			hasScannedForEncodings = 0;
			knownRegions = (
				en,
				Base,
			);
			mainGroup = BB30BAA121EB6D830003C4F4;
			productRefGroup = BB30BAAB21EB6D830003C4F4 /* Products */;
			projectDirPath = "";
			projectRoot = "";
			targets = (
				BB30BAA921EB6D830003C4F4 /* MemeMe2.0-App */,
			);
		};
/* End PBXProject section */

/* Begin PBXResourcesBuildPhase section */
		BB30BAA821EB6D830003C4F4 /* Resources */ = {
			isa = PBXResourcesBuildPhase;
			buildActionMask = 2147483647;
			files = (
				BB30BABB21EB6D850003C4F4 /* LaunchScreen.storyboard in Resources */,
				BB30BAB821EB6D850003C4F4 /* Assets.xcassets in Resources */,
				BB30BAB321EB6D830003C4F4 /* Main.storyboard in Resources */,
			);
			runOnlyForDeploymentPostprocessing = 0;
		};
/* End PBXResourcesBuildPhase section */

/* Begin PBXSourcesBuildPhase section */
		BB30BAA621EB6D830003C4F4 /* Sources */ = {
			isa = PBXSourcesBuildPhase;
			buildActionMask = 2147483647;
			files = (
				F54645E72200531B002A0FAD /* MemeCollectionViewCell.swift in Sources */,
				BB30BAB021EB6D830003C4F4 /* MemeEditorViewController.swift in Sources */,
				F54645E321FF5802002A0FAD /* MemeTableViewCell.swift in Sources */,
				BB30BAC821EB6F490003C4F4 /* Meme.swift in Sources */,
				BB30BAAE21EB6D830003C4F4 /* AppDelegate.swift in Sources */,
				F54645E521FF64E0002A0FAD /* MemePreviewer.swift in Sources */,
				F59943E721FF12320051212A /* MemeTableViewController.swift in Sources */,
				F59943E921FF12460051212A /* MemeCollectionViewController.swift in Sources */,
				BB30BACA21EB6F850003C4F4 /* TextFieldDelegate.swift in Sources */,
				BB30BAB621EB6D830003C4F4 /* MemeMe2_0_App.xcdatamodeld in Sources */,
			);
			runOnlyForDeploymentPostprocessing = 0;
		};
/* End PBXSourcesBuildPhase section */

/* Begin PBXVariantGroup section */
		BB30BAB121EB6D830003C4F4 /* Main.storyboard */ = {
			isa = PBXVariantGroup;
			children = (
				BB30BAB221EB6D830003C4F4 /* Base */,
			);
			name = Main.storyboard;
			sourceTree = "<group>";
		};
		BB30BAB921EB6D850003C4F4 /* LaunchScreen.storyboard */ = {
			isa = PBXVariantGroup;
			children = (
				BB30BABA21EB6D850003C4F4 /* Base */,
			);
			name = LaunchScreen.storyboard;
			sourceTree = "<group>";
		};
/* End PBXVariantGroup section */

/* Begin XCBuildConfiguration section */
		BB30BABD21EB6D850003C4F4 /* Debug */ = {
			isa = XCBuildConfiguration;
			buildSettings = {
				ALWAYS_SEARCH_USER_PATHS = NO;
				CLANG_ANALYZER_NONNULL = YES;
				CLANG_ANALYZER_NUMBER_OBJECT_CONVERSION = YES_AGGRESSIVE;
				CLANG_CXX_LANGUAGE_STANDARD = "gnu++14";
				CLANG_CXX_LIBRARY = "libc++";
				CLANG_ENABLE_MODULES = YES;
				CLANG_ENABLE_OBJC_ARC = YES;
				CLANG_ENABLE_OBJC_WEAK = YES;
				CLANG_WARN_BLOCK_CAPTURE_AUTORELEASING = YES;
				CLANG_WARN_BOOL_CONVERSION = YES;
				CLANG_WARN_COMMA = YES;
				CLANG_WARN_CONSTANT_CONVERSION = YES;
				CLANG_WARN_DEPRECATED_OBJC_IMPLEMENTATIONS = YES;
				CLANG_WARN_DIRECT_OBJC_ISA_USAGE = YES_ERROR;
				CLANG_WARN_DOCUMENTATION_COMMENTS = YES;
				CLANG_WARN_EMPTY_BODY = YES;
				CLANG_WARN_ENUM_CONVERSION = YES;
				CLANG_WARN_INFINITE_RECURSION = YES;
				CLANG_WARN_INT_CONVERSION = YES;
				CLANG_WARN_NON_LITERAL_NULL_CONVERSION = YES;
				CLANG_WARN_OBJC_IMPLICIT_RETAIN_SELF = YES;
				CLANG_WARN_OBJC_LITERAL_CONVERSION = YES;
				CLANG_WARN_OBJC_ROOT_CLASS = YES_ERROR;
				CLANG_WARN_RANGE_LOOP_ANALYSIS = YES;
				CLANG_WARN_STRICT_PROTOTYPES = YES;
				CLANG_WARN_SUSPICIOUS_MOVE = YES;
				CLANG_WARN_UNGUARDED_AVAILABILITY = YES_AGGRESSIVE;
				CLANG_WARN_UNREACHABLE_CODE = YES;
				CLANG_WARN__DUPLICATE_METHOD_MATCH = YES;
				CODE_SIGN_IDENTITY = "iPhone Developer";
				COPY_PHASE_STRIP = NO;
				DEBUG_INFORMATION_FORMAT = dwarf;
				ENABLE_STRICT_OBJC_MSGSEND = YES;
				ENABLE_TESTABILITY = YES;
				GCC_C_LANGUAGE_STANDARD = gnu11;
				GCC_DYNAMIC_NO_PIC = NO;
				GCC_NO_COMMON_BLOCKS = YES;
				GCC_OPTIMIZATION_LEVEL = 0;
				GCC_PREPROCESSOR_DEFINITIONS = (
					"DEBUG=1",
					"$(inherited)",
				);
				GCC_WARN_64_TO_32_BIT_CONVERSION = YES;
				GCC_WARN_ABOUT_RETURN_TYPE = YES_ERROR;
				GCC_WARN_UNDECLARED_SELECTOR = YES;
				GCC_WARN_UNINITIALIZED_AUTOS = YES_AGGRESSIVE;
				GCC_WARN_UNUSED_FUNCTION = YES;
				GCC_WARN_UNUSED_VARIABLE = YES;
				IPHONEOS_DEPLOYMENT_TARGET = 12.1;
				MTL_ENABLE_DEBUG_INFO = INCLUDE_SOURCE;
				MTL_FAST_MATH = YES;
				ONLY_ACTIVE_ARCH = YES;
				SDKROOT = iphoneos;
				SWIFT_ACTIVE_COMPILATION_CONDITIONS = DEBUG;
				SWIFT_OPTIMIZATION_LEVEL = "-Onone";
			};
			name = Debug;
		};
		BB30BABE21EB6D850003C4F4 /* Release */ = {
			isa = XCBuildConfiguration;
			buildSettings = {
				ALWAYS_SEARCH_USER_PATHS = NO;
				CLANG_ANALYZER_NONNULL = YES;
				CLANG_ANALYZER_NUMBER_OBJECT_CONVERSION = YES_AGGRESSIVE;
				CLANG_CXX_LANGUAGE_STANDARD = "gnu++14";
				CLANG_CXX_LIBRARY = "libc++";
				CLANG_ENABLE_MODULES = YES;
				CLANG_ENABLE_OBJC_ARC = YES;
				CLANG_ENABLE_OBJC_WEAK = YES;
				CLANG_WARN_BLOCK_CAPTURE_AUTORELEASING = YES;
				CLANG_WARN_BOOL_CONVERSION = YES;
				CLANG_WARN_COMMA = YES;
				CLANG_WARN_CONSTANT_CONVERSION = YES;
				CLANG_WARN_DEPRECATED_OBJC_IMPLEMENTATIONS = YES;
				CLANG_WARN_DIRECT_OBJC_ISA_USAGE = YES_ERROR;
				CLANG_WARN_DOCUMENTATION_COMMENTS = YES;
				CLANG_WARN_EMPTY_BODY = YES;
				CLANG_WARN_ENUM_CONVERSION = YES;
				CLANG_WARN_INFINITE_RECURSION = YES;
				CLANG_WARN_INT_CONVERSION = YES;
				CLANG_WARN_NON_LITERAL_NULL_CONVERSION = YES;
				CLANG_WARN_OBJC_IMPLICIT_RETAIN_SELF = YES;
				CLANG_WARN_OBJC_LITERAL_CONVERSION = YES;
				CLANG_WARN_OBJC_ROOT_CLASS = YES_ERROR;
				CLANG_WARN_RANGE_LOOP_ANALYSIS = YES;
				CLANG_WARN_STRICT_PROTOTYPES = YES;
				CLANG_WARN_SUSPICIOUS_MOVE = YES;
				CLANG_WARN_UNGUARDED_AVAILABILITY = YES_AGGRESSIVE;
				CLANG_WARN_UNREACHABLE_CODE = YES;
				CLANG_WARN__DUPLICATE_METHOD_MATCH = YES;
				CODE_SIGN_IDENTITY = "iPhone Developer";
				COPY_PHASE_STRIP = NO;
				DEBUG_INFORMATION_FORMAT = "dwarf-with-dsym";
				ENABLE_NS_ASSERTIONS = NO;
				ENABLE_STRICT_OBJC_MSGSEND = YES;
				GCC_C_LANGUAGE_STANDARD = gnu11;
				GCC_NO_COMMON_BLOCKS = YES;
				GCC_WARN_64_TO_32_BIT_CONVERSION = YES;
				GCC_WARN_ABOUT_RETURN_TYPE = YES_ERROR;
				GCC_WARN_UNDECLARED_SELECTOR = YES;
				GCC_WARN_UNINITIALIZED_AUTOS = YES_AGGRESSIVE;
				GCC_WARN_UNUSED_FUNCTION = YES;
				GCC_WARN_UNUSED_VARIABLE = YES;
				IPHONEOS_DEPLOYMENT_TARGET = 12.1;
				MTL_ENABLE_DEBUG_INFO = NO;
				MTL_FAST_MATH = YES;
				SDKROOT = iphoneos;
				SWIFT_COMPILATION_MODE = wholemodule;
				SWIFT_OPTIMIZATION_LEVEL = "-O";
				VALIDATE_PRODUCT = YES;
			};
			name = Release;
		};
		BB30BAC021EB6D850003C4F4 /* Debug */ = {
			isa = XCBuildConfiguration;
			buildSettings = {
				ASSETCATALOG_COMPILER_APPICON_NAME = AppIcon;
				CODE_SIGN_STYLE = Automatic;
				DEVELOPMENT_TEAM = MKS49DN993;
				INFOPLIST_FILE = "MemeMe2.0-App/Info.plist";
				LD_RUNPATH_SEARCH_PATHS = (
					"$(inherited)",
					"@executable_path/Frameworks",
				);
				PRODUCT_BUNDLE_IDENTIFIER = "v1.MemeMe2-0-App";
				PRODUCT_NAME = "$(TARGET_NAME)";
				SWIFT_VERSION = 4.2;
				TARGETED_DEVICE_FAMILY = "1,2";
			};
			name = Debug;
		};
		BB30BAC121EB6D850003C4F4 /* Release */ = {
			isa = XCBuildConfiguration;
			buildSettings = {
				ASSETCATALOG_COMPILER_APPICON_NAME = AppIcon;
				CODE_SIGN_STYLE = Automatic;
				DEVELOPMENT_TEAM = MKS49DN993;
				INFOPLIST_FILE = "MemeMe2.0-App/Info.plist";
				LD_RUNPATH_SEARCH_PATHS = (
					"$(inherited)",
					"@executable_path/Frameworks",
				);
				PRODUCT_BUNDLE_IDENTIFIER = "v1.MemeMe2-0-App";
				PRODUCT_NAME = "$(TARGET_NAME)";
				SWIFT_VERSION = 4.2;
				TARGETED_DEVICE_FAMILY = "1,2";
			};
			name = Release;
		};
/* End XCBuildConfiguration section */

/* Begin XCConfigurationList section */
		BB30BAA521EB6D830003C4F4 /* Build configuration list for PBXProject "MemeMe2.0-App" */ = {
			isa = XCConfigurationList;
			buildConfigurations = (
				BB30BABD21EB6D850003C4F4 /* Debug */,
				BB30BABE21EB6D850003C4F4 /* Release */,
			);
			defaultConfigurationIsVisible = 0;
			defaultConfigurationName = Release;
		};
		BB30BABF21EB6D850003C4F4 /* Build configuration list for PBXNativeTarget "MemeMe2.0-App" */ = {
			isa = XCConfigurationList;
			buildConfigurations = (
				BB30BAC021EB6D850003C4F4 /* Debug */,
				BB30BAC121EB6D850003C4F4 /* Release */,
			);
			defaultConfigurationIsVisible = 0;
			defaultConfigurationName = Release;
		};
/* End XCConfigurationList section */

/* Begin XCVersionGroup section */
		BB30BAB421EB6D830003C4F4 /* MemeMe2_0_App.xcdatamodeld */ = {
			isa = XCVersionGroup;
			children = (
				BB30BAB521EB6D830003C4F4 /* MemeMe2_0_App.xcdatamodel */,
			);
			currentVersion = BB30BAB521EB6D830003C4F4 /* MemeMe2_0_App.xcdatamodel */;
			path = MemeMe2_0_App.xcdatamodeld;
			sourceTree = "<group>";
			versionGroupType = wrapper.xcdatamodel;
		};
/* End XCVersionGroup section */
	};
	rootObject = BB30BAA221EB6D830003C4F4 /* Project object */;
}
